{
  "version": 4,
  "terraform_version": "1.14.3",
  "serial": 7,
  "lineage": "f91222d2-75c6-3220-5588-d47dd1e9a3e6",
  "outputs": {
    "debug_netbox": {
      "value": {
        "filter": null,
        "id": "terraform-20260131153251979500000001",
        "limit": null,
        "name_regex": "dv-addonstest",
        "vms": [
          {
            "cluster_id": 3,
            "comments": "",
            "config_context": "{}",
            "custom_fields": {
              "auto_create_database": "true",
              "auto_install_modules": "true",
              "auto_update_modules": "true",
              "base_addons": "[\"hr\",\"mail\",\"sale\",\"stock\"]",
              "company_addon_map": "{\"lamanolita\":{\"branch\":\"main\",\"url\":\"https://github.com/doovate/dv-odoo-lamanolita.git\"},\"robots-in-action\":{\"branch\":\"main\",\"url\":\"https://github.com/pymtech-solutions/robots-in-action.git\"}}",
              "compose_project_name": "addonstest",
              "deployment_target": "prod",
              "domain": "",
              "force_rebuild": "false",
              "initial_db_master_pass": "master",
              "initial_db_name": "master",
              "initial_db_user": "master",
              "initial_db_user_pass": "master",
              "odoo_exposed_port": "8069",
              "odoo_version": "18",
              "optional_whisper": "false",
              "repo_list": "[\"accountingSpain\",\"docker\",\"muk\"]"
            },
            "description": "Maquina de odoo de prueba",
            "device_id": 0,
            "device_name": "",
            "disk_size_mb": 40000,
            "local_context_data": "",
            "memory_mb": 4000,
            "name": "dv-addonstest",
            "platform_id": 0,
            "platform_name": "",
            "platform_slug": "",
            "primary_ip": "192.168.24.250/22",
            "primary_ip4": "192.168.24.250/22",
            "primary_ip6": "",
            "role_id": 1,
            "site_id": 0,
            "status": "active",
            "tag_ids": [
              1,
              4
            ],
            "tenant_id": 0,
            "vcpus": 4,
            "vm_id": 13
          }
        ]
      },
      "type": [
        "object",
        {
          "filter": [
            "set",
            [
              "object",
              {
                "name": "string",
                "value": "string"
              }
            ]
          ],
          "id": "string",
          "limit": "number",
          "name_regex": "string",
          "vms": [
            "list",
            [
              "object",
              {
                "cluster_id": "number",
                "comments": "string",
                "config_context": "string",
                "custom_fields": [
                  "map",
                  "string"
                ],
                "description": "string",
                "device_id": "number",
                "device_name": "string",
                "disk_size_mb": "number",
                "local_context_data": "string",
                "memory_mb": "number",
                "name": "string",
                "platform_id": "number",
                "platform_name": "string",
                "platform_slug": "string",
                "primary_ip": "string",
                "primary_ip4": "string",
                "primary_ip6": "string",
                "role_id": "number",
                "site_id": "number",
                "status": "string",
                "tag_ids": [
                  "list",
                  "number"
                ],
                "tenant_id": "number",
                "vcpus": "number",
                "vm_id": "number"
              }
            ]
          ]
        }
      ]
    },
    "vm_cluster": {
      "value": "dv-2",
      "type": "string"
    },
    "vm_description": {
      "value": "Maquina de odoo de prueba",
      "type": "string"
    },
    "vm_disk": {
      "value": 40,
      "type": "number"
    },
    "vm_ip4": {
      "value": "192.168.24.250/22",
      "type": "string"
    },
    "vm_memory": {
      "value": 4096,
      "type": "number"
    },
    "vm_name": {
      "value": "dv-addonstest",
      "type": "string"
    },
    "vm_tag_names": {
      "value": [
        "Odoo",
        "Test"
      ],
      "type": [
        "list",
        "string"
      ]
    },
    "vm_vcpus": {
      "value": 4,
      "type": "number"
    }
  },
  "resources": [
    {
      "mode": "data",
      "type": "netbox_cluster",
      "name": "vm_cluster",
      "provider": "provider[\"registry.terraform.io/e-breuninger/netbox\"]",
      "instances": [
        {
          "index_key": 0,
          "schema_version": 0,
          "attributes": {
            "cluster_group_id": 0,
            "cluster_id": 3,
            "cluster_type_id": 1,
            "comments": "",
            "custom_fields": {},
            "description": "",
            "id": "3",
            "location_id": null,
            "name": "dv-2",
            "region_id": null,
            "scope_id": null,
            "scope_type": null,
            "site_group_id": null,
            "site_id": null,
            "tags": []
          },
          "sensitive_attributes": [],
          "identity_schema_version": 0
        }
      ]
    },
    {
      "mode": "data",
      "type": "netbox_tags",
      "name": "vm_tags",
      "provider": "provider[\"registry.terraform.io/e-breuninger/netbox\"]",
      "instances": [
        {
          "index_key": "1",
          "schema_version": 0,
          "attributes": {
            "filter": [
              {
                "name": "id",
                "value": "1"
              }
            ],
            "id": "terraform-20260131153252048900000002",
            "limit": 0,
            "tags": [
              {
                "color": "2196f3",
                "description": "",
                "name": "Odoo",
                "slug": "odoo",
                "tag_id": 1
              }
            ]
          },
          "sensitive_attributes": [],
          "identity_schema_version": 0
        },
        {
          "index_key": "4",
          "schema_version": 0,
          "attributes": {
            "filter": [
              {
                "name": "id",
                "value": "4"
              }
            ],
            "id": "terraform-20260131153252054800000003",
            "limit": 0,
            "tags": [
              {
                "color": "607d8b",
                "description": "",
                "name": "Test",
                "slug": "test",
                "tag_id": 4
              }
            ]
          },
          "sensitive_attributes": [],
          "identity_schema_version": 0
        }
      ]
    },
    {
      "mode": "data",
      "type": "netbox_virtual_machines",
      "name": "base_vm",
      "provider": "provider[\"registry.terraform.io/e-breuninger/netbox\"]",
      "instances": [
        {
          "schema_version": 0,
          "attributes": {
            "filter": null,
            "id": "terraform-20260131153251979500000001",
            "limit": null,
            "name_regex": "dv-addonstest",
            "vms": [
              {
                "cluster_id": 3,
                "comments": "",
                "config_context": "{}",
                "custom_fields": {
                  "auto_create_database": "true",
                  "auto_install_modules": "true",
                  "auto_update_modules": "true",
                  "base_addons": "[\"hr\",\"mail\",\"sale\",\"stock\"]",
                  "company_addon_map": "{\"lamanolita\":{\"branch\":\"main\",\"url\":\"https://github.com/doovate/dv-odoo-lamanolita.git\"},\"robots-in-action\":{\"branch\":\"main\",\"url\":\"https://github.com/pymtech-solutions/robots-in-action.git\"}}",
                  "compose_project_name": "addonstest",
                  "deployment_target": "prod",
                  "domain": "",
                  "force_rebuild": "false",
                  "initial_db_master_pass": "master",
                  "initial_db_name": "master",
                  "initial_db_user": "master",
                  "initial_db_user_pass": "master",
                  "odoo_exposed_port": "8069",
                  "odoo_version": "18",
                  "optional_whisper": "false",
                  "repo_list": "[\"accountingSpain\",\"docker\",\"muk\"]"
                },
                "description": "Maquina de odoo de prueba",
                "device_id": 0,
                "device_name": "",
                "disk_size_mb": 40000,
                "local_context_data": "",
                "memory_mb": 4000,
                "name": "dv-addonstest",
                "platform_id": 0,
                "platform_name": "",
                "platform_slug": "",
                "primary_ip": "192.168.24.250/22",
                "primary_ip4": "192.168.24.250/22",
                "primary_ip6": "",
                "role_id": 1,
                "site_id": 0,
                "status": "active",
                "tag_ids": [
                  1,
                  4
                ],
                "tenant_id": 0,
                "vcpus": 4,
                "vm_id": 13
              }
            ]
          },
          "sensitive_attributes": [],
          "identity_schema_version": 0
        }
      ]
    },
    {
      "mode": "managed",
      "type": "cloudflare_record",
      "name": "vm_dns",
      "provider": "provider[\"registry.terraform.io/cloudflare/cloudflare\"]",
      "instances": [
        {
          "schema_version": 3,
          "attributes": {
            "allow_overwrite": false,
            "comment": "DNS automático creado con Terraform",
            "content": "57.130.23.235",
            "created_on": "2026-01-31T15:34:46.464857Z",
            "data": [],
            "hostname": "addonstest.doovate.com",
            "id": "3b0adf5f51325b167e9cad5141e62c98",
            "metadata": {},
            "modified_on": "2026-01-31T15:34:46.464857Z",
            "name": "addonstest",
            "priority": null,
            "proxiable": true,
            "proxied": false,
            "tags": null,
            "timeouts": null,
            "ttl": 1,
            "type": "A",
            "value": null,
            "zone_id": "7ccf096b817b34b42fc2555c37d3d84c"
          },
          "sensitive_attributes": [],
          "identity_schema_version": 0,
          "private": "eyJlMmJmYjczMC1lY2FhLTExZTYtOGY4OC0zNDM2M2JjN2M0YzAiOnsiY3JlYXRlIjozMDAwMDAwMDAwMCwidXBkYXRlIjozMDAwMDAwMDAwMH0sInNjaGVtYV92ZXJzaW9uIjoiMyJ9",
          "dependencies": [
            "data.netbox_cluster.vm_cluster",
            "data.netbox_tags.vm_tags",
            "data.netbox_virtual_machines.base_vm",
            "proxmox_vm_qemu.vm"
          ]
        }
      ]
    },
    {
      "mode": "managed",
      "type": "null_resource",
      "name": "vm_validation",
      "provider": "provider[\"registry.terraform.io/hashicorp/null\"]",
      "instances": [
        {
          "schema_version": 0,
          "attributes": {
            "id": "315958745156246744",
            "triggers": null
          },
          "sensitive_attributes": [],
          "identity_schema_version": 0,
          "dependencies": [
            "data.netbox_virtual_machines.base_vm"
          ]
        }
      ]
    },
    {
      "mode": "managed",
      "type": "proxmox_vm_qemu",
      "name": "vm",
      "provider": "provider[\"registry.terraform.io/telmate/proxmox\"]",
      "instances": [
        {
          "schema_version": 0,
          "attributes": {
            "additional_wait": 5,
            "agent": 1,
            "agent_timeout": 90,
            "args": "",
            "automatic_reboot": true,
            "balloon": 2048,
            "bios": "seabios",
            "boot": "order=scsi2",
            "bootdisk": "",
            "ci_wait": null,
            "cicustom": null,
            "cipassword": "11vicented",
            "ciupgrade": false,
            "ciuser": "tsg",
            "clone": "ubuntu-server-2404-template-9gb",
            "clone_id": null,
            "clone_wait": 10,
            "cores": 0,
            "cpu": [
              {
                "affinity": "",
                "cores": 1,
                "flags": [],
                "limit": 0,
                "numa": false,
                "sockets": 1,
                "type": "kvm64",
                "units": 0,
                "vcores": 0
              }
            ],
            "cpu_type": "",
            "current_node": "dv-2",
            "default_ipv4_address": "192.168.24.250",
            "default_ipv6_address": "",
            "define_connection_info": true,
            "desc": null,
            "description": "Maquina de odoo de prueba",
            "disk": [],
            "disks": [
              {
                "ide": [],
                "sata": [],
                "scsi": [
                  {
                    "scsi0": [],
                    "scsi1": [
                      {
                        "cdrom": [],
                        "cloudinit": [
                          {
                            "storage": "local"
                          }
                        ],
                        "disk": [],
                        "ignore": false,
                        "passthrough": []
                      }
                    ],
                    "scsi10": [],
                    "scsi11": [],
                    "scsi12": [],
                    "scsi13": [],
                    "scsi14": [],
                    "scsi15": [],
                    "scsi16": [],
                    "scsi17": [],
                    "scsi18": [],
                    "scsi19": [],
                    "scsi2": [
                      {
                        "cdrom": [],
                        "cloudinit": [],
                        "disk": [
                          {
                            "asyncio": "",
                            "backup": true,
                            "cache": "writeback",
                            "discard": true,
                            "emulatessd": false,
                            "format": "raw",
                            "id": 1,
                            "iops_r_burst": 0,
                            "iops_r_burst_length": 0,
                            "iops_r_concurrent": 0,
                            "iops_wr_burst": 0,
                            "iops_wr_burst_length": 0,
                            "iops_wr_concurrent": 0,
                            "iothread": false,
                            "linked_disk_id": -1,
                            "mbps_r_burst": 0,
                            "mbps_r_concurrent": 0,
                            "mbps_wr_burst": 0,
                            "mbps_wr_concurrent": 0,
                            "readonly": false,
                            "replicate": false,
                            "serial": "",
                            "size": "40G",
                            "storage": "local",
                            "wwn": ""
                          }
                        ],
                        "ignore": false,
                        "passthrough": []
                      }
                    ],
                    "scsi20": [],
                    "scsi21": [],
                    "scsi22": [],
                    "scsi23": [],
                    "scsi24": [],
                    "scsi25": [],
                    "scsi26": [],
                    "scsi27": [],
                    "scsi28": [],
                    "scsi29": [],
                    "scsi3": [],
                    "scsi30": [],
                    "scsi4": [],
                    "scsi5": [],
                    "scsi6": [],
                    "scsi7": [],
                    "scsi8": [],
                    "scsi9": []
                  }
                ],
                "virtio": []
              }
            ],
            "efidisk": [],
            "force_create": false,
            "force_recreate_on_change_of": null,
            "full_clone": true,
            "hagroup": "",
            "hastate": "",
            "hostpci": [],
            "hotplug": "disk,network,usb",
            "id": "dv-2/qemu/100",
            "ipconfig0": "ip=192.168.24.250/22,gw=192.168.24.11",
            "ipconfig1": null,
            "ipconfig10": null,
            "ipconfig11": null,
            "ipconfig12": null,
            "ipconfig13": null,
            "ipconfig14": null,
            "ipconfig15": null,
            "ipconfig2": null,
            "ipconfig3": null,
            "ipconfig4": null,
            "ipconfig5": null,
            "ipconfig6": null,
            "ipconfig7": null,
            "ipconfig8": null,
            "ipconfig9": null,
            "kvm": true,
            "linked_vmid": 0,
            "machine": "",
            "memory": 4096,
            "name": "dv-addonstest",
            "nameserver": "192.168.24.60 1.1.1.1",
            "network": [
              {
                "bridge": "vmbr1",
                "firewall": false,
                "id": 0,
                "link_down": false,
                "macaddr": "bc:24:11:7a:48:ae",
                "model": "virtio",
                "mtu": 0,
                "queues": 0,
                "rate": 0,
                "tag": 0
              }
            ],
            "numa": false,
            "onboot": true,
            "os_network_config": null,
            "os_type": "cloud-init",
            "pci": [],
            "pcis": [],
            "pool": "",
            "protection": false,
            "pxe": null,
            "qemu_os": "l26",
            "reboot_required": false,
            "rng": [],
            "scsihw": "lsi",
            "searchdomain": "doovate.com",
            "serial": [],
            "skip_ipv4": false,
            "skip_ipv6": false,
            "smbios": [
              {
                "family": "",
                "manufacturer": "",
                "product": "",
                "serial": "",
                "sku": "",
                "uuid": "5f3dd2ea-ecd6-43e5-98c1-1fabc40d2c6a",
                "version": ""
              }
            ],
            "sockets": 0,
            "ssh_forward_ip": null,
            "ssh_host": "192.168.24.250",
            "ssh_port": "22",
            "ssh_private_key": null,
            "ssh_user": null,
            "sshkeys": "ssh-rsa AAAAB3NzaC1yc2EAAAADAQABAAABgQDLzMeYeoonvazoNSVX/MFMFOtEOnqpQ9KgcoARP/VyzNaXHQ46gSY6IQjtM87i53J0yg6QyIKoecvpNEXDnpTIzoDDPNu4scE8FG1XiBSf32xM8C6rKrAgQ8v058x92efgcM0hiSXa8A/naZE1ceghBw+h+smdjV+0NMU6529wSBqifsIAbyQHKjUzwTKyQUoovNLdpxMP0TUuAdGZHOhQ8UkjlE+DOjeIC7D/NP2ITwxdiPeOaqoB7QgPGczI9l65BNScW9nUQhrbAHLxoWG8ARRrq9eEa1utGuAwkYumeZ4BY2Cc2XNIfUEzJJhGCsloM08YYCVP0O9gNKzcIy/KSNVrGcZZxsg4VwdoUymV1V1EgdJxVkU8lPhDukSCJ+bp9RU+CulvaPKZdkaubg1R6Xtc2dGsSlDX8E/kIPjS3q/fw/j8ilAU4D+n34FJAbo37N1Jnru35DxpS8tzRF/u44BUkLu9NEqnnZNRzcsEuU1sL8MYwbUZLJF0+PBa+BE= tsg@doovate\n",
            "startup": "",
            "tablet": true,
            "tags": "odoo;test",
            "target_node": "dv-2",
            "target_nodes": null,
            "timeouts": null,
            "tpm_state": [],
            "unused_disk": [],
            "usb": [],
            "usbs": [],
            "vcpus": 0,
            "vga": [],
            "vm_state": "running",
            "vmid": 100
          },
          "sensitive_attributes": [
            [
              {
                "type": "get_attr",
                "value": "cipassword"
              }
            ],
            [
              {
                "type": "get_attr",
                "value": "ciuser"
              }
            ],
            [
              {
                "type": "get_attr",
                "value": "ssh_private_key"
              }
            ],
            [
              {
                "type": "get_attr",
                "value": "sshkeys"
              }
            ]
          ],
          "identity_schema_version": 0,
          "private": "eyJlMmJmYjczMC1lY2FhLTExZTYtOGY4OC0zNDM2M2JjN2M0YzAiOnsiY3JlYXRlIjoxMjAwMDAwMDAwMDAwLCJkZWZhdWx0IjoxMjAwMDAwMDAwMDAwLCJkZWxldGUiOjEyMDAwMDAwMDAwMDAsInJlYWQiOjEyMDAwMDAwMDAwMDAsInVwZGF0ZSI6MTIwMDAwMDAwMDAwMH19",
          "dependencies": [
            "data.netbox_cluster.vm_cluster",
            "data.netbox_tags.vm_tags",
            "data.netbox_virtual_machines.base_vm"
          ]
        }
      ]
    }
  ],
  "check_results": [
    {
      "object_kind": "resource",
      "config_addr": "null_resource.vm_validation",
      "status": "pass",
      "objects": [
        {
          "object_addr": "null_resource.vm_validation",
          "status": "pass"
        }
      ]
    }
  ]
}
